Microsoft Visual Studio Solution File, Format Version 12.00
# Visual Studio Version 17
VisualStudioVersion = 17.5.2.0
MinimumVisualStudioVersion = 10.0.40219.1
Project("{FAE04EC0-301F-11D3-BF4B-00C04F79EFBC}") = "OOP_Lab_4", "OOP_Lab_4\OOP_Lab_4.csproj", "{3A38011A-7200-F7D6-5387-3EDD1604732E}"
EndProject
Global
	GlobalSection(SolutionConfigurationPlatforms) = preSolution
		Debug|Any CPU = Debug|Any CPU
		Release|Any CPU = Release|Any CPU
	EndGlobalSection
	GlobalSection(ProjectConfigurationPlatforms) = postSolution
		{3A38011A-7200-F7D6-5387-3EDD1604732E}.Debug|Any CPU.ActiveCfg = Debug|Any CPU
		{3A38011A-7200-F7D6-5387-3EDD1604732E}.Debug|Any CPU.Build.0 = Debug|Any CPU
		{3A38011A-7200-F7D6-5387-3EDD1604732E}.Release|Any CPU.ActiveCfg = Release|Any CPU
		{3A38011A-7200-F7D6-5387-3EDD1604732E}.Release|Any CPU.Build.0 = Release|Any CPU
	EndGlobalSection
	GlobalSection(SolutionProperties) = preSolution
		HideSolutionNode = FALSE
	EndGlobalSection
	GlobalSection(ExtensibilityGlobals) = postSolution
		SolutionGuid = {E7C20492-8D00-4140-A2BA-22A1B0F93CBF}
	EndGlobalSection
EndGlobal
